
Microsoft Visual Studio Solution File, Format Version 12.00
# Visual Studio 15
VisualStudioVersion = 15.0.28307.1622
MinimumVisualStudioVersion = 10.0.40219.1
Project("{2150E333-8FDC-42A3-9474-1A3956D46DE8}") = "Core", "Core", "{EEE2CFA4-A40B-494C-B41D-28BD564AD8D7}"
EndProject
Project("{9A19103F-16F7-4668-BE54-9A1E7A4F7556}") = "NutaDev.CsLib.Core", "Core\NutaDev.CSLib.Core\NutaDev.CsLib.Core.csproj", "{12358E9B-7809-44D6-8945-B067B311372F}"
EndProject
Project("{2150E333-8FDC-42A3-9474-1A3956D46DE8}") = "Formatting", "Formatting", "{E1413A75-50CB-4D2B-9A74-A6CE71BF729B}"
EndProject
Project("{2150E333-8FDC-42A3-9474-1A3956D46DE8}") = "Data", "Data", "{749E5B49-5486-4528-A323-A7D58640ABAF}"
EndProject
Project("{2150E333-8FDC-42A3-9474-1A3956D46DE8}") = "External", "External", "{11149FE9-6CD5-439A-9035-98F0882E8364}"
EndProject
Project("{2150E333-8FDC-42A3-9474-1A3956D46DE8}") = "Data", "Data", "{D561DD24-9E35-48A3-BB3E-91378EF5F3D7}"
EndProject
Project("{2150E333-8FDC-42A3-9474-1A3956D46DE8}") = "Resources", "Resources", "{5BC65108-7A3E-4B46-9D24-6CB8DC41F504}"
EndProject
Project("{9A19103F-16F7-4668-BE54-9A1E7A4F7556}") = "NutaDev.CsLib.Resources", "Resources\NutaDev.CSLib.Resources\NutaDev.CsLib.Resources.csproj", "{31EF64EB-9087-4459-9F54-F0562CA70B3E}"
EndProject
Project("{2150E333-8FDC-42A3-9474-1A3956D46DE8}") = "Maintenance", "Maintenance", "{1A349DDD-B87E-48CA-A491-C57E0E8FA4FD}"
EndProject
Project("{9A19103F-16F7-4668-BE54-9A1E7A4F7556}") = "NutaDev.CsLib.Data", "Data\NutaDev.CsLib.Data\NutaDev.CsLib.Data.csproj", "{60293258-6C94-41A3-99BA-E7D98057AA5F}"
EndProject
Project("{9A19103F-16F7-4668-BE54-9A1E7A4F7556}") = "NutaDev.CsLib.Data.Database", "Data\NutaDev.CsLib.Data.Database\NutaDev.CsLib.Data.Database.csproj", "{B4E46D0E-426A-46E6-8E50-4A1633B7C193}"
EndProject
Project("{9A19103F-16F7-4668-BE54-9A1E7A4F7556}") = "NutaDev.CsLib.Formatting.Converters", "Formatting\NutaDev.CsLib.Formatting.Converters\NutaDev.CsLib.Formatting.Converters.csproj", "{5237BB0F-DD0B-4894-8EF0-491D64B57E5F}"
EndProject
Project("{9A19103F-16F7-4668-BE54-9A1E7A4F7556}") = "NutaDev.CsLib.Formatting.Formatters", "Formatting\NutaDev.CsLib.Formatting.Formatters\NutaDev.CsLib.Formatting.Formatters.csproj", "{293514C6-497C-4B5C-BAD2-AE510671F060}"
EndProject
Project("{9A19103F-16F7-4668-BE54-9A1E7A4F7556}") = "NutaDev.CsLib.Maintenance.Debugging", "Maintenance\NutaDev.CsLib.Maintenance.Debugging\NutaDev.CsLib.Maintenance.Debugging.csproj", "{FCE64093-839F-4010-A7CE-948AC0868EAC}"
EndProject
Project("{9A19103F-16F7-4668-BE54-9A1E7A4F7556}") = "NutaDev.CsLib.Maintenance.Exceptions", "Maintenance\NutaDev.CsLib.Maintenance.Exceptions\NutaDev.CsLib.Maintenance.Exceptions.csproj", "{54060194-F8F2-4DA9-AD68-B78817B68929}"
EndProject
Project("{9A19103F-16F7-4668-BE54-9A1E7A4F7556}") = "NutaDev.CsLib.External.Data.Database.LiteDb", "External\Data\NutaDev.CsLib.External.Data.Database.LiteDb\NutaDev.CsLib.External.Data.Database.LiteDb.csproj", "{5638EC6E-C17D-45E9-BED5-FFB4CEBF2585}"
EndProject
Project("{9A19103F-16F7-4668-BE54-9A1E7A4F7556}") = "NutaDev.CsLib.External.Data.Database.SQLite", "External\Data\NutaDev.CsLib.External.Data.Database.SQLite\NutaDev.CsLib.External.Data.Database.SQLite.csproj", "{8F529509-3EBA-40BE-9260-678FE30B22D5}"
EndProject
Project("{9A19103F-16F7-4668-BE54-9A1E7A4F7556}") = "NutaDev.CsLib.Maintenance", "Maintenance\NutaDev.CsLib.Maintenance\NutaDev.CsLib.Maintenance.csproj", "{90F0980F-4FC3-49DD-BF1F-E75BC7A08E9F}"
EndProject
Project("{2150E333-8FDC-42A3-9474-1A3956D46DE8}") = "Structures", "Structures", "{41BE26B9-80EC-487F-BB5B-9372EAE5D656}"
EndProject
Project("{9A19103F-16F7-4668-BE54-9A1E7A4F7556}") = "NutaDev.CsLib.Structures", "Structures\NutaDev.CsLib.Structures\NutaDev.CsLib.Structures.csproj", "{0CA12A94-C14F-4D23-98AB-FF6A9B055041}"
EndProject
Project("{2150E333-8FDC-42A3-9474-1A3956D46DE8}") = "Types", "Types", "{8779C781-3E2B-46AA-ACC2-59234F654C2A}"
EndProject
Project("{9A19103F-16F7-4668-BE54-9A1E7A4F7556}") = "NutaDev.CsLib.Types", "Types\NutaDev.CsLib.Types\NutaDev.CsLib.Types.csproj", "{43D73874-B788-45AC-8092-CD01768DA4F2}"
EndProject
Project("{2150E333-8FDC-42A3-9474-1A3956D46DE8}") = "Hashing", "Hashing", "{8FB4C036-72B0-4702-A381-719F0D9DAD13}"
EndProject
Project("{9A19103F-16F7-4668-BE54-9A1E7A4F7556}") = "NutaDev.CsLib.Hashing", "Hashing\NutaDev.CsLib.Hashing\NutaDev.CsLib.Hashing.csproj", "{5C8CD945-9AE5-4557-85EA-EFCC2170A2CF}"
EndProject
Project("{2150E333-8FDC-42A3-9474-1A3956D46DE8}") = "Collections", "Collections", "{5DF549F0-CE28-4F29-9D03-97A7C7959AB7}"
EndProject
Project("{2150E333-8FDC-42A3-9474-1A3956D46DE8}") = "Internal", "Internal", "{C9ED284F-6DCA-45D3-86E9-4EA7D68193C7}"
EndProject
Project("{9A19103F-16F7-4668-BE54-9A1E7A4F7556}") = "NutaDev.CsLib.Collections", "Collections\NutaDev.CsLib.Collections\NutaDev.CsLib.Collections.csproj", "{F0019A46-B8A5-4B62-960F-6AD02C759488}"
EndProject
Project("{2150E333-8FDC-42A3-9474-1A3956D46DE8}") = "Tools", "Tools", "{8FD587FB-D363-46A6-A9FB-99D963CA0F45}"
EndProject
Project("{9A19103F-16F7-4668-BE54-9A1E7A4F7556}") = "NutaDev.CsLib.Internal.ConsoleTools", "Internal\Tools\NutaDev.CsLib.Internal.ConsoleTools\NutaDev.CsLib.Internal.ConsoleTools.csproj", "{7DEC091F-423F-47DD-AE9B-7EE40C33F1C1}"
EndProject
Project("{D954291E-2A0B-460D-934E-DC6B0785DB48}") = "NutaDev.CsLib.Internal.Shared", "Internal\NutaDev.CsLib.Internal.Shared\NutaDev.CsLib.Internal.Shared.shproj", "{5B0D2F2E-08B1-4948-832D-C19D0E11A834}"
EndProject
Project("{2150E333-8FDC-42A3-9474-1A3956D46DE8}") = "Parallel", "Parallel", "{FD63315A-F519-4E2E-A518-5222B6A91663}"
EndProject
Project("{9A19103F-16F7-4668-BE54-9A1E7A4F7556}") = "NutaDev.CsLib.Parallel.Process", "Parallel\NutaDev.CsLib.Parallel.Process\NutaDev.CsLib.Parallel.Process.csproj", "{C0B3A1B7-4315-41F7-B7AB-57587AFBAFD5}"
EndProject
Project("{2150E333-8FDC-42A3-9474-1A3956D46DE8}") = "IO", "IO", "{C4019480-93CF-4D56-8F18-A614E46562FA}"
EndProject
Project("{9A19103F-16F7-4668-BE54-9A1E7A4F7556}") = "NutaDev.CsLib.Parallel.Thread", "Parallel\NutaDev.CsLib.Parallel.Thread\NutaDev.CsLib.Parallel.Thread.csproj", "{413E603D-7D71-4BB7-A75F-A2AEC8FDD1C6}"
EndProject
Project("{9A19103F-16F7-4668-BE54-9A1E7A4F7556}") = "NutaDev.CsLib.IO", "IO\NutaDev.CsLib.IO\NutaDev.CsLib.IO.csproj", "{2B5CA2FA-F677-48E1-BB3C-3AF99876EEE7}"
EndProject
Project("{2150E333-8FDC-42A3-9474-1A3956D46DE8}") = "Gui", "Gui", "{EBCEE9A9-6026-42BF-9F20-6047D674FB26}"
EndProject
Project("{2150E333-8FDC-42A3-9474-1A3956D46DE8}") = "Math", "Math", "{5BB3FCA0-2D28-43F3-A947-98417146CCD2}"
EndProject
Project("{2150E333-8FDC-42A3-9474-1A3956D46DE8}") = "Network", "Network", "{1FD03F0B-F18E-4F20-B773-55D24592B9E0}"
EndProject
Project("{2150E333-8FDC-42A3-9474-1A3956D46DE8}") = "Pinvoke", "Pinvoke", "{8980B317-8119-4763-9FD9-33C5D861B9F3}"
EndProject
Project("{2150E333-8FDC-42A3-9474-1A3956D46DE8}") = "Random", "Random", "{998042F4-14B5-4598-A228-6A8DFE3F0A77}"
EndProject
Project("{2150E333-8FDC-42A3-9474-1A3956D46DE8}") = "Reflection", "Reflection", "{ADDF9D73-E435-4039-8766-53BD65E15C52}"
EndProject
Project("{9A19103F-16F7-4668-BE54-9A1E7A4F7556}") = "NutaDev.CsLib.Math", "Math\NutaDev.CsLib.Math\NutaDev.CsLib.Math.csproj", "{CCB907E6-1F01-4760-8ECA-860E7DFD67AD}"
EndProject
Project("{9A19103F-16F7-4668-BE54-9A1E7A4F7556}") = "NutaDev.CsLib.Random", "Random\NutaDev.CsLib.Random\NutaDev.CsLib.Random.csproj", "{7E89A172-B694-4376-A90C-AC76D268C6C9}"
EndProject
Project("{9A19103F-16F7-4668-BE54-9A1E7A4F7556}") = "NutaDev.CsLib.Pinvoke", "Pinvoke\NutaDev.CsLib.Pinvoke\NutaDev.CsLib.Pinvoke.csproj", "{ABF76966-BEC6-4E74-8AE6-96F5B5676467}"
EndProject
Project("{9A19103F-16F7-4668-BE54-9A1E7A4F7556}") = "NutaDev.CsLib.Reflection", "Reflection\NutaDev.CsLib.Reflection\NutaDev.CsLib.Reflection.csproj", "{AEAA3204-72A0-49A0-9E34-D53213F3C495}"
EndProject
Project("{2150E333-8FDC-42A3-9474-1A3956D46DE8}") = "Framework", "Framework", "{907FC214-540D-4246-BA8A-37F5A27084ED}"
EndProject
Project("{FAE04EC0-301F-11D3-BF4B-00C04F79EFBC}") = "NutaDev.CSLib.Gui.Framework.Gui", "Gui\Framework\NutaDev.CSLib.Gui.Framework.Gui\NutaDev.CSLib.Gui.Framework.Gui.csproj", "{6B91E8AF-C366-4AD4-B2C0-EFACFE8AC51C}"
EndProject
Project("{FAE04EC0-301F-11D3-BF4B-00C04F79EFBC}") = "NutaDev.CSLib.Gui.Framework.WinForms", "Gui\Framework\NutaDev.CSLib.Gui.Framework.WinForms\NutaDev.CSLib.Gui.Framework.WinForms.csproj", "{7C3F693C-EB07-4708-9282-FE25B7F285DE}"
EndProject
Project("{FAE04EC0-301F-11D3-BF4B-00C04F79EFBC}") = "NutaDev.CSLib.Gui.Framework.WPF", "Gui\Framework\NutaDev.CSLib.Gui.Framework.WPF\NutaDev.CSLib.Gui.Framework.WPF.csproj", "{FF88831B-D046-40C4-B998-D85A3B0863A9}"
EndProject
Project("{FAE04EC0-301F-11D3-BF4B-00C04F79EFBC}") = "NutaDev.CSLib.Gui.Framework.WFWPFIntegration", "Gui\Framework\NutaDev.CSLib.Gui.Framework.WFWPFIntegration\NutaDev.CSLib.Gui.Framework.WFWPFIntegration.csproj", "{8D894D16-A0E0-4F2B-BC5E-31CB57EDB539}"
EndProject
Project("{2150E333-8FDC-42A3-9474-1A3956D46DE8}") = "Services", "Services", "{290271AD-2A74-450F-A5F0-9EB8F58C6FFE}"
EndProject
Project("{2150E333-8FDC-42A3-9474-1A3956D46DE8}") = "Core", "Core", "{E8FFAE49-0169-4C89-A218-52ACDAA46F64}"
EndProject
Project("{2150E333-8FDC-42A3-9474-1A3956D46DE8}") = "Hosts", "Hosts", "{6086FA1E-278C-4CD2-95FF-4A5B495A3E39}"
EndProject
Project("{2150E333-8FDC-42A3-9474-1A3956D46DE8}") = "Services", "Services", "{611B4FC0-B635-459D-B3E3-8A2840C2AC24}"
EndProject
Project("{9A19103F-16F7-4668-BE54-9A1E7A4F7556}") = "NutaDev.CsLib.Services.Core", "Services\NutaDev.CsLib.Services.Core\NutaDev.CsLib.Services.Core.csproj", "{DFCF4050-A49D-4091-A157-8B4E1D3D497E}"
EndProject
Project("{9A19103F-16F7-4668-BE54-9A1E7A4F7556}") = "NutaDev.CsLib.Services.Hosts.Core", "Services\NutaDev.CsLib.Services.Hosts.Core\NutaDev.CsLib.Services.Hosts.Core.csproj", "{0254A03C-3824-4976-956B-44AD11E43761}"
EndProject
Project("{9A19103F-16F7-4668-BE54-9A1E7A4F7556}") = "NutaDev.CsLib.Services.Services.Core", "Services\NutaDev.CsLib.Services.Services.Core\NutaDev.CsLib.Services.Services.Core.csproj", "{43196F3F-485D-43CD-A3DE-0E0EDE00175F}"
EndProject
Project("{2150E333-8FDC-42A3-9474-1A3956D46DE8}") = "Tests", "Tests", "{4A1EB1F3-B4BD-4C50-98C8-D857012FAADE}"
EndProject
Project("{9A19103F-16F7-4668-BE54-9A1E7A4F7556}") = "NutaDev.CsSLib.Internal.Tests", "Internal\Tests\NutaDev.CsSLib.Internal.Tests\NutaDev.CsSLib.Internal.Tests.csproj", "{316A6919-F20B-4C41-9695-E34C316DB4D4}"
EndProject
Project("{9A19103F-16F7-4668-BE54-9A1E7A4F7556}") = "NutaDev.CsLib.Types.RegularExpressions", "Types\NutaDev.CsLib.Types.RegularExpressions\NutaDev.CsLib.Types.RegularExpressions.csproj", "{9C07CB51-FBC1-401B-B710-707019B4AD42}"
EndProject
Project("{2150E333-8FDC-42A3-9474-1A3956D46DE8}") = "Audio", "Audio", "{51D4AF02-14EF-416D-BD7F-F4D0F0A850C8}"
EndProject
Project("{9A19103F-16F7-4668-BE54-9A1E7A4F7556}") = "NutaDev.CsLib.Audio", "Audio\NutaDev.CsLib.Audio.Core\NutaDev.CsLib.Audio.csproj", "{1E5BACDB-E7C9-471F-9AA0-1A0C60A12C28}"
EndProject
Project("{2150E333-8FDC-42A3-9474-1A3956D46DE8}") = "Audio", "Audio", "{D3290906-5841-4CCE-8036-B6740C7C96F5}"
EndProject
Project("{9A19103F-16F7-4668-BE54-9A1E7A4F7556}") = "NutaDev.CsLib.External.Audio.TagLib", "External\Audio\NutaDev.CsLib.External.Audio.TagLib\NutaDev.CsLib.External.Audio.TagLib.csproj", "{AC43CEC8-EA6E-435F-B469-A180CAC3D8A9}"
EndProject
Project("{2150E333-8FDC-42A3-9474-1A3956D46DE8}") = "Services", "Services", "{5AB58DDD-AA1C-4920-B9A9-3D2B3AC417AB}"
EndProject
Project("{2150E333-8FDC-42A3-9474-1A3956D46DE8}") = "Hosts", "Hosts", "{6BB80BCB-0EAC-4CB8-B1C4-55641555A85D}"
EndProject
Project("{9A19103F-16F7-4668-BE54-9A1E7A4F7556}") = "NutaDev.CsLib.Services.External.Hosts.TopShelf", "External\Services\NutaDev.CsLib.Services.External.Hosts.TopShelf\NutaDev.CsLib.Services.External.Hosts.TopShelf.csproj", "{A064563A-45BC-4BCF-8E03-F2FFAF16D752}"
EndProject
Project("{9A19103F-16F7-4668-BE54-9A1E7A4F7556}") = "NutaDev.CsLib.Reflection.CodeCompilation", "Reflection\NutaDev.CsLib.Reflection.CodeCompilation\NutaDev.CsLib.Reflection.CodeCompilation.csproj", "{CA5DC936-FFFD-42F1-9758-46D3B7C738BB}"
EndProject
Project("{2150E333-8FDC-42A3-9474-1A3956D46DE8}") = "Framework", "Framework", "{2AB5F3B3-1F15-4E6F-B713-D4B95A0B5CD0}"
EndProject
Project("{FAE04EC0-301F-11D3-BF4B-00C04F79EFBC}") = "NutaDev.CsLib.IO.Framework.Windows", "IO\Framework\NutaDev.CsLib.IO.Framework.Windows\NutaDev.CsLib.IO.Framework.Windows.csproj", "{6330635F-57ED-45DC-9B88-6CA3964D923E}"
EndProject
Project("{2150E333-8FDC-42A3-9474-1A3956D46DE8}") = "Gaming", "Gaming", "{20736078-1308-4C79-9A1E-8D4DB547CCAB}"
EndProject
Project("{9A19103F-16F7-4668-BE54-9A1E7A4F7556}") = "NutaDev.CsLib.Gaming", "Gaming\NutaDev.CsLib.Gaming\NutaDev.CsLib.Gaming.csproj", "{3A0389CC-2DB7-4430-AB48-25501BF9A5F7}"
EndProject
Project("{2150E333-8FDC-42A3-9474-1A3956D46DE8}") = "Jokes", "Jokes", "{F4026AF9-FA1E-49F6-8241-9560B5D5B55D}"
EndProject
Project("{9A19103F-16F7-4668-BE54-9A1E7A4F7556}") = "NutaDev.CsLib.Jokes", "Jokes\NutaDev.CsLib.Jokes\NutaDev.CsLib.Jokes.csproj", "{49EF6370-7A27-4CC5-9616-3C4104E31655}"
EndProject
Project("{2150E333-8FDC-42A3-9474-1A3956D46DE8}") = "Framework", "Framework", "{91180956-965E-4BBD-A284-E5043754A1DC}"
EndProject
Project("{FAE04EC0-301F-11D3-BF4B-00C04F79EFBC}") = "NutaDev.CsLib.Gaming.Framework", "Gaming\Framework\NutaDev.CsLib.Gaming.Framework\NutaDev.CsLib.Gaming.Framework.csproj", "{C93FD852-0DBB-4975-99D9-EB2C6F594C3E}"
EndProject
Project("{2150E333-8FDC-42A3-9474-1A3956D46DE8}") = "_docs", "_docs", "{789CAB1A-CC73-4DBE-8725-4CA27AD26B73}"
	ProjectSection(SolutionItems) = preProject
		Graph1.dgml = Graph1.dgml
	EndProjectSection
EndProject
Global
	GlobalSection(SharedMSBuildProjectFiles) = preSolution
		Internal\NutaDev.CsLib.Internal.Shared\NutaDev.CsLib.Shared.projitems*{5b0d2f2e-08b1-4948-832d-c19d0e11a834}*SharedItemsImports = 13
	EndGlobalSection
	GlobalSection(SolutionConfigurationPlatforms) = preSolution
		Debug|Any CPU = Debug|Any CPU
		Release|Any CPU = Release|Any CPU
	EndGlobalSection
	GlobalSection(ProjectConfigurationPlatforms) = postSolution
		{12358E9B-7809-44D6-8945-B067B311372F}.Debug|Any CPU.ActiveCfg = Debug|Any CPU
		{12358E9B-7809-44D6-8945-B067B311372F}.Debug|Any CPU.Build.0 = Debug|Any CPU
		{12358E9B-7809-44D6-8945-B067B311372F}.Release|Any CPU.ActiveCfg = Release|Any CPU
		{12358E9B-7809-44D6-8945-B067B311372F}.Release|Any CPU.Build.0 = Release|Any CPU
		{31EF64EB-9087-4459-9F54-F0562CA70B3E}.Debug|Any CPU.ActiveCfg = Debug|Any CPU
		{31EF64EB-9087-4459-9F54-F0562CA70B3E}.Debug|Any CPU.Build.0 = Debug|Any CPU
		{31EF64EB-9087-4459-9F54-F0562CA70B3E}.Release|Any CPU.ActiveCfg = Release|Any CPU
		{31EF64EB-9087-4459-9F54-F0562CA70B3E}.Release|Any CPU.Build.0 = Release|Any CPU
		{60293258-6C94-41A3-99BA-E7D98057AA5F}.Debug|Any CPU.ActiveCfg = Debug|Any CPU
		{60293258-6C94-41A3-99BA-E7D98057AA5F}.Debug|Any CPU.Build.0 = Debug|Any CPU
		{60293258-6C94-41A3-99BA-E7D98057AA5F}.Release|Any CPU.ActiveCfg = Release|Any CPU
		{60293258-6C94-41A3-99BA-E7D98057AA5F}.Release|Any CPU.Build.0 = Release|Any CPU
		{B4E46D0E-426A-46E6-8E50-4A1633B7C193}.Debug|Any CPU.ActiveCfg = Debug|Any CPU
		{B4E46D0E-426A-46E6-8E50-4A1633B7C193}.Debug|Any CPU.Build.0 = Debug|Any CPU
		{B4E46D0E-426A-46E6-8E50-4A1633B7C193}.Release|Any CPU.ActiveCfg = Release|Any CPU
		{B4E46D0E-426A-46E6-8E50-4A1633B7C193}.Release|Any CPU.Build.0 = Release|Any CPU
		{5237BB0F-DD0B-4894-8EF0-491D64B57E5F}.Debug|Any CPU.ActiveCfg = Debug|Any CPU
		{5237BB0F-DD0B-4894-8EF0-491D64B57E5F}.Debug|Any CPU.Build.0 = Debug|Any CPU
		{5237BB0F-DD0B-4894-8EF0-491D64B57E5F}.Release|Any CPU.ActiveCfg = Release|Any CPU
		{5237BB0F-DD0B-4894-8EF0-491D64B57E5F}.Release|Any CPU.Build.0 = Release|Any CPU
		{293514C6-497C-4B5C-BAD2-AE510671F060}.Debug|Any CPU.ActiveCfg = Debug|Any CPU
		{293514C6-497C-4B5C-BAD2-AE510671F060}.Debug|Any CPU.Build.0 = Debug|Any CPU
		{293514C6-497C-4B5C-BAD2-AE510671F060}.Release|Any CPU.ActiveCfg = Release|Any CPU
		{293514C6-497C-4B5C-BAD2-AE510671F060}.Release|Any CPU.Build.0 = Release|Any CPU
		{FCE64093-839F-4010-A7CE-948AC0868EAC}.Debug|Any CPU.ActiveCfg = Debug|Any CPU
		{FCE64093-839F-4010-A7CE-948AC0868EAC}.Debug|Any CPU.Build.0 = Debug|Any CPU
		{FCE64093-839F-4010-A7CE-948AC0868EAC}.Release|Any CPU.ActiveCfg = Release|Any CPU
		{FCE64093-839F-4010-A7CE-948AC0868EAC}.Release|Any CPU.Build.0 = Release|Any CPU
		{54060194-F8F2-4DA9-AD68-B78817B68929}.Debug|Any CPU.ActiveCfg = Debug|Any CPU
		{54060194-F8F2-4DA9-AD68-B78817B68929}.Debug|Any CPU.Build.0 = Debug|Any CPU
		{54060194-F8F2-4DA9-AD68-B78817B68929}.Release|Any CPU.ActiveCfg = Release|Any CPU
		{54060194-F8F2-4DA9-AD68-B78817B68929}.Release|Any CPU.Build.0 = Release|Any CPU
		{5638EC6E-C17D-45E9-BED5-FFB4CEBF2585}.Debug|Any CPU.ActiveCfg = Debug|Any CPU
		{5638EC6E-C17D-45E9-BED5-FFB4CEBF2585}.Debug|Any CPU.Build.0 = Debug|Any CPU
		{5638EC6E-C17D-45E9-BED5-FFB4CEBF2585}.Release|Any CPU.ActiveCfg = Release|Any CPU
		{5638EC6E-C17D-45E9-BED5-FFB4CEBF2585}.Release|Any CPU.Build.0 = Release|Any CPU
		{8F529509-3EBA-40BE-9260-678FE30B22D5}.Debug|Any CPU.ActiveCfg = Debug|Any CPU
		{8F529509-3EBA-40BE-9260-678FE30B22D5}.Debug|Any CPU.Build.0 = Debug|Any CPU
		{8F529509-3EBA-40BE-9260-678FE30B22D5}.Release|Any CPU.ActiveCfg = Release|Any CPU
		{8F529509-3EBA-40BE-9260-678FE30B22D5}.Release|Any CPU.Build.0 = Release|Any CPU
		{90F0980F-4FC3-49DD-BF1F-E75BC7A08E9F}.Debug|Any CPU.ActiveCfg = Debug|Any CPU
		{90F0980F-4FC3-49DD-BF1F-E75BC7A08E9F}.Debug|Any CPU.Build.0 = Debug|Any CPU
		{90F0980F-4FC3-49DD-BF1F-E75BC7A08E9F}.Release|Any CPU.ActiveCfg = Release|Any CPU
		{90F0980F-4FC3-49DD-BF1F-E75BC7A08E9F}.Release|Any CPU.Build.0 = Release|Any CPU
		{0CA12A94-C14F-4D23-98AB-FF6A9B055041}.Debug|Any CPU.ActiveCfg = Debug|Any CPU
		{0CA12A94-C14F-4D23-98AB-FF6A9B055041}.Debug|Any CPU.Build.0 = Debug|Any CPU
		{0CA12A94-C14F-4D23-98AB-FF6A9B055041}.Release|Any CPU.ActiveCfg = Release|Any CPU
		{0CA12A94-C14F-4D23-98AB-FF6A9B055041}.Release|Any CPU.Build.0 = Release|Any CPU
		{43D73874-B788-45AC-8092-CD01768DA4F2}.Debug|Any CPU.ActiveCfg = Debug|Any CPU
		{43D73874-B788-45AC-8092-CD01768DA4F2}.Debug|Any CPU.Build.0 = Debug|Any CPU
		{43D73874-B788-45AC-8092-CD01768DA4F2}.Release|Any CPU.ActiveCfg = Release|Any CPU
		{43D73874-B788-45AC-8092-CD01768DA4F2}.Release|Any CPU.Build.0 = Release|Any CPU
		{5C8CD945-9AE5-4557-85EA-EFCC2170A2CF}.Debug|Any CPU.ActiveCfg = Debug|Any CPU
		{5C8CD945-9AE5-4557-85EA-EFCC2170A2CF}.Debug|Any CPU.Build.0 = Debug|Any CPU
		{5C8CD945-9AE5-4557-85EA-EFCC2170A2CF}.Release|Any CPU.ActiveCfg = Release|Any CPU
		{5C8CD945-9AE5-4557-85EA-EFCC2170A2CF}.Release|Any CPU.Build.0 = Release|Any CPU
		{F0019A46-B8A5-4B62-960F-6AD02C759488}.Debug|Any CPU.ActiveCfg = Debug|Any CPU
		{F0019A46-B8A5-4B62-960F-6AD02C759488}.Debug|Any CPU.Build.0 = Debug|Any CPU
		{F0019A46-B8A5-4B62-960F-6AD02C759488}.Release|Any CPU.ActiveCfg = Release|Any CPU
		{F0019A46-B8A5-4B62-960F-6AD02C759488}.Release|Any CPU.Build.0 = Release|Any CPU
		{7DEC091F-423F-47DD-AE9B-7EE40C33F1C1}.Debug|Any CPU.ActiveCfg = Debug|Any CPU
		{7DEC091F-423F-47DD-AE9B-7EE40C33F1C1}.Debug|Any CPU.Build.0 = Debug|Any CPU
		{7DEC091F-423F-47DD-AE9B-7EE40C33F1C1}.Release|Any CPU.ActiveCfg = Release|Any CPU
		{7DEC091F-423F-47DD-AE9B-7EE40C33F1C1}.Release|Any CPU.Build.0 = Release|Any CPU
		{C0B3A1B7-4315-41F7-B7AB-57587AFBAFD5}.Debug|Any CPU.ActiveCfg = Debug|Any CPU
		{C0B3A1B7-4315-41F7-B7AB-57587AFBAFD5}.Debug|Any CPU.Build.0 = Debug|Any CPU
		{C0B3A1B7-4315-41F7-B7AB-57587AFBAFD5}.Release|Any CPU.ActiveCfg = Release|Any CPU
		{C0B3A1B7-4315-41F7-B7AB-57587AFBAFD5}.Release|Any CPU.Build.0 = Release|Any CPU
		{413E603D-7D71-4BB7-A75F-A2AEC8FDD1C6}.Debug|Any CPU.ActiveCfg = Debug|Any CPU
		{413E603D-7D71-4BB7-A75F-A2AEC8FDD1C6}.Debug|Any CPU.Build.0 = Debug|Any CPU
		{413E603D-7D71-4BB7-A75F-A2AEC8FDD1C6}.Release|Any CPU.ActiveCfg = Release|Any CPU
		{413E603D-7D71-4BB7-A75F-A2AEC8FDD1C6}.Release|Any CPU.Build.0 = Release|Any CPU
		{2B5CA2FA-F677-48E1-BB3C-3AF99876EEE7}.Debug|Any CPU.ActiveCfg = Debug|Any CPU
		{2B5CA2FA-F677-48E1-BB3C-3AF99876EEE7}.Debug|Any CPU.Build.0 = Debug|Any CPU
		{2B5CA2FA-F677-48E1-BB3C-3AF99876EEE7}.Release|Any CPU.ActiveCfg = Release|Any CPU
		{2B5CA2FA-F677-48E1-BB3C-3AF99876EEE7}.Release|Any CPU.Build.0 = Release|Any CPU
		{CCB907E6-1F01-4760-8ECA-860E7DFD67AD}.Debug|Any CPU.ActiveCfg = Debug|Any CPU
		{CCB907E6-1F01-4760-8ECA-860E7DFD67AD}.Debug|Any CPU.Build.0 = Debug|Any CPU
		{CCB907E6-1F01-4760-8ECA-860E7DFD67AD}.Release|Any CPU.ActiveCfg = Release|Any CPU
		{CCB907E6-1F01-4760-8ECA-860E7DFD67AD}.Release|Any CPU.Build.0 = Release|Any CPU
		{7E89A172-B694-4376-A90C-AC76D268C6C9}.Debug|Any CPU.ActiveCfg = Debug|Any CPU
		{7E89A172-B694-4376-A90C-AC76D268C6C9}.Debug|Any CPU.Build.0 = Debug|Any CPU
		{7E89A172-B694-4376-A90C-AC76D268C6C9}.Release|Any CPU.ActiveCfg = Release|Any CPU
		{7E89A172-B694-4376-A90C-AC76D268C6C9}.Release|Any CPU.Build.0 = Release|Any CPU
		{ABF76966-BEC6-4E74-8AE6-96F5B5676467}.Debug|Any CPU.ActiveCfg = Debug|Any CPU
		{ABF76966-BEC6-4E74-8AE6-96F5B5676467}.Debug|Any CPU.Build.0 = Debug|Any CPU
		{ABF76966-BEC6-4E74-8AE6-96F5B5676467}.Release|Any CPU.ActiveCfg = Release|Any CPU
		{ABF76966-BEC6-4E74-8AE6-96F5B5676467}.Release|Any CPU.Build.0 = Release|Any CPU
		{AEAA3204-72A0-49A0-9E34-D53213F3C495}.Debug|Any CPU.ActiveCfg = Debug|Any CPU
		{AEAA3204-72A0-49A0-9E34-D53213F3C495}.Debug|Any CPU.Build.0 = Debug|Any CPU
		{AEAA3204-72A0-49A0-9E34-D53213F3C495}.Release|Any CPU.ActiveCfg = Release|Any CPU
		{AEAA3204-72A0-49A0-9E34-D53213F3C495}.Release|Any CPU.Build.0 = Release|Any CPU
		{6B91E8AF-C366-4AD4-B2C0-EFACFE8AC51C}.Debug|Any CPU.ActiveCfg = Debug|Any CPU
		{6B91E8AF-C366-4AD4-B2C0-EFACFE8AC51C}.Debug|Any CPU.Build.0 = Debug|Any CPU
		{6B91E8AF-C366-4AD4-B2C0-EFACFE8AC51C}.Release|Any CPU.ActiveCfg = Release|Any CPU
		{6B91E8AF-C366-4AD4-B2C0-EFACFE8AC51C}.Release|Any CPU.Build.0 = Release|Any CPU
		{7C3F693C-EB07-4708-9282-FE25B7F285DE}.Debug|Any CPU.ActiveCfg = Debug|Any CPU
		{7C3F693C-EB07-4708-9282-FE25B7F285DE}.Debug|Any CPU.Build.0 = Debug|Any CPU
		{7C3F693C-EB07-4708-9282-FE25B7F285DE}.Release|Any CPU.ActiveCfg = Release|Any CPU
		{7C3F693C-EB07-4708-9282-FE25B7F285DE}.Release|Any CPU.Build.0 = Release|Any CPU
		{FF88831B-D046-40C4-B998-D85A3B0863A9}.Debug|Any CPU.ActiveCfg = Debug|Any CPU
		{FF88831B-D046-40C4-B998-D85A3B0863A9}.Debug|Any CPU.Build.0 = Debug|Any CPU
		{FF88831B-D046-40C4-B998-D85A3B0863A9}.Release|Any CPU.ActiveCfg = Release|Any CPU
		{FF88831B-D046-40C4-B998-D85A3B0863A9}.Release|Any CPU.Build.0 = Release|Any CPU
		{8D894D16-A0E0-4F2B-BC5E-31CB57EDB539}.Debug|Any CPU.ActiveCfg = Debug|Any CPU
		{8D894D16-A0E0-4F2B-BC5E-31CB57EDB539}.Debug|Any CPU.Build.0 = Debug|Any CPU
		{8D894D16-A0E0-4F2B-BC5E-31CB57EDB539}.Release|Any CPU.ActiveCfg = Release|Any CPU
		{8D894D16-A0E0-4F2B-BC5E-31CB57EDB539}.Release|Any CPU.Build.0 = Release|Any CPU
		{DFCF4050-A49D-4091-A157-8B4E1D3D497E}.Debug|Any CPU.ActiveCfg = Debug|Any CPU
		{DFCF4050-A49D-4091-A157-8B4E1D3D497E}.Debug|Any CPU.Build.0 = Debug|Any CPU
		{DFCF4050-A49D-4091-A157-8B4E1D3D497E}.Release|Any CPU.ActiveCfg = Release|Any CPU
		{DFCF4050-A49D-4091-A157-8B4E1D3D497E}.Release|Any CPU.Build.0 = Release|Any CPU
		{0254A03C-3824-4976-956B-44AD11E43761}.Debug|Any CPU.ActiveCfg = Debug|Any CPU
		{0254A03C-3824-4976-956B-44AD11E43761}.Debug|Any CPU.Build.0 = Debug|Any CPU
		{0254A03C-3824-4976-956B-44AD11E43761}.Release|Any CPU.ActiveCfg = Release|Any CPU
		{0254A03C-3824-4976-956B-44AD11E43761}.Release|Any CPU.Build.0 = Release|Any CPU
		{43196F3F-485D-43CD-A3DE-0E0EDE00175F}.Debug|Any CPU.ActiveCfg = Debug|Any CPU
		{43196F3F-485D-43CD-A3DE-0E0EDE00175F}.Debug|Any CPU.Build.0 = Debug|Any CPU
		{43196F3F-485D-43CD-A3DE-0E0EDE00175F}.Release|Any CPU.ActiveCfg = Release|Any CPU
		{43196F3F-485D-43CD-A3DE-0E0EDE00175F}.Release|Any CPU.Build.0 = Release|Any CPU
		{316A6919-F20B-4C41-9695-E34C316DB4D4}.Debug|Any CPU.ActiveCfg = Debug|Any CPU
		{316A6919-F20B-4C41-9695-E34C316DB4D4}.Debug|Any CPU.Build.0 = Debug|Any CPU
		{316A6919-F20B-4C41-9695-E34C316DB4D4}.Release|Any CPU.ActiveCfg = Release|Any CPU
		{316A6919-F20B-4C41-9695-E34C316DB4D4}.Release|Any CPU.Build.0 = Release|Any CPU
		{9C07CB51-FBC1-401B-B710-707019B4AD42}.Debug|Any CPU.ActiveCfg = Debug|Any CPU
		{9C07CB51-FBC1-401B-B710-707019B4AD42}.Debug|Any CPU.Build.0 = Debug|Any CPU
		{9C07CB51-FBC1-401B-B710-707019B4AD42}.Release|Any CPU.ActiveCfg = Release|Any CPU
		{9C07CB51-FBC1-401B-B710-707019B4AD42}.Release|Any CPU.Build.0 = Release|Any CPU
		{1E5BACDB-E7C9-471F-9AA0-1A0C60A12C28}.Debug|Any CPU.ActiveCfg = Debug|Any CPU
		{1E5BACDB-E7C9-471F-9AA0-1A0C60A12C28}.Debug|Any CPU.Build.0 = Debug|Any CPU
		{1E5BACDB-E7C9-471F-9AA0-1A0C60A12C28}.Release|Any CPU.ActiveCfg = Release|Any CPU
		{1E5BACDB-E7C9-471F-9AA0-1A0C60A12C28}.Release|Any CPU.Build.0 = Release|Any CPU
		{AC43CEC8-EA6E-435F-B469-A180CAC3D8A9}.Debug|Any CPU.ActiveCfg = Debug|Any CPU
		{AC43CEC8-EA6E-435F-B469-A180CAC3D8A9}.Debug|Any CPU.Build.0 = Debug|Any CPU
		{AC43CEC8-EA6E-435F-B469-A180CAC3D8A9}.Release|Any CPU.ActiveCfg = Release|Any CPU
		{AC43CEC8-EA6E-435F-B469-A180CAC3D8A9}.Release|Any CPU.Build.0 = Release|Any CPU
		{A064563A-45BC-4BCF-8E03-F2FFAF16D752}.Debug|Any CPU.ActiveCfg = Debug|Any CPU
		{A064563A-45BC-4BCF-8E03-F2FFAF16D752}.Debug|Any CPU.Build.0 = Debug|Any CPU
		{A064563A-45BC-4BCF-8E03-F2FFAF16D752}.Release|Any CPU.ActiveCfg = Release|Any CPU
		{A064563A-45BC-4BCF-8E03-F2FFAF16D752}.Release|Any CPU.Build.0 = Release|Any CPU
		{CA5DC936-FFFD-42F1-9758-46D3B7C738BB}.Debug|Any CPU.ActiveCfg = Debug|Any CPU
		{CA5DC936-FFFD-42F1-9758-46D3B7C738BB}.Debug|Any CPU.Build.0 = Debug|Any CPU
		{CA5DC936-FFFD-42F1-9758-46D3B7C738BB}.Release|Any CPU.ActiveCfg = Release|Any CPU
		{CA5DC936-FFFD-42F1-9758-46D3B7C738BB}.Release|Any CPU.Build.0 = Release|Any CPU
		{6330635F-57ED-45DC-9B88-6CA3964D923E}.Debug|Any CPU.ActiveCfg = Debug|Any CPU
		{6330635F-57ED-45DC-9B88-6CA3964D923E}.Debug|Any CPU.Build.0 = Debug|Any CPU
		{6330635F-57ED-45DC-9B88-6CA3964D923E}.Release|Any CPU.ActiveCfg = Release|Any CPU
		{6330635F-57ED-45DC-9B88-6CA3964D923E}.Release|Any CPU.Build.0 = Release|Any CPU
		{3A0389CC-2DB7-4430-AB48-25501BF9A5F7}.Debug|Any CPU.ActiveCfg = Debug|Any CPU
		{3A0389CC-2DB7-4430-AB48-25501BF9A5F7}.Debug|Any CPU.Build.0 = Debug|Any CPU
		{3A0389CC-2DB7-4430-AB48-25501BF9A5F7}.Release|Any CPU.ActiveCfg = Release|Any CPU
		{3A0389CC-2DB7-4430-AB48-25501BF9A5F7}.Release|Any CPU.Build.0 = Release|Any CPU
		{49EF6370-7A27-4CC5-9616-3C4104E31655}.Debug|Any CPU.ActiveCfg = Debug|Any CPU
		{49EF6370-7A27-4CC5-9616-3C4104E31655}.Debug|Any CPU.Build.0 = Debug|Any CPU
		{49EF6370-7A27-4CC5-9616-3C4104E31655}.Release|Any CPU.ActiveCfg = Release|Any CPU
		{49EF6370-7A27-4CC5-9616-3C4104E31655}.Release|Any CPU.Build.0 = Release|Any CPU
		{C93FD852-0DBB-4975-99D9-EB2C6F594C3E}.Debug|Any CPU.ActiveCfg = Debug|Any CPU
		{C93FD852-0DBB-4975-99D9-EB2C6F594C3E}.Debug|Any CPU.Build.0 = Debug|Any CPU
		{C93FD852-0DBB-4975-99D9-EB2C6F594C3E}.Release|Any CPU.ActiveCfg = Release|Any CPU
		{C93FD852-0DBB-4975-99D9-EB2C6F594C3E}.Release|Any CPU.Build.0 = Release|Any CPU
	EndGlobalSection
	GlobalSection(SolutionProperties) = preSolution
		HideSolutionNode = FALSE
	EndGlobalSection
	GlobalSection(NestedProjects) = preSolution
		{12358E9B-7809-44D6-8945-B067B311372F} = {EEE2CFA4-A40B-494C-B41D-28BD564AD8D7}
		{D561DD24-9E35-48A3-BB3E-91378EF5F3D7} = {11149FE9-6CD5-439A-9035-98F0882E8364}
		{31EF64EB-9087-4459-9F54-F0562CA70B3E} = {5BC65108-7A3E-4B46-9D24-6CB8DC41F504}
		{60293258-6C94-41A3-99BA-E7D98057AA5F} = {749E5B49-5486-4528-A323-A7D58640ABAF}
		{B4E46D0E-426A-46E6-8E50-4A1633B7C193} = {749E5B49-5486-4528-A323-A7D58640ABAF}
		{5237BB0F-DD0B-4894-8EF0-491D64B57E5F} = {E1413A75-50CB-4D2B-9A74-A6CE71BF729B}
		{293514C6-497C-4B5C-BAD2-AE510671F060} = {E1413A75-50CB-4D2B-9A74-A6CE71BF729B}
		{FCE64093-839F-4010-A7CE-948AC0868EAC} = {1A349DDD-B87E-48CA-A491-C57E0E8FA4FD}
		{54060194-F8F2-4DA9-AD68-B78817B68929} = {1A349DDD-B87E-48CA-A491-C57E0E8FA4FD}
		{5638EC6E-C17D-45E9-BED5-FFB4CEBF2585} = {D561DD24-9E35-48A3-BB3E-91378EF5F3D7}
		{8F529509-3EBA-40BE-9260-678FE30B22D5} = {D561DD24-9E35-48A3-BB3E-91378EF5F3D7}
		{90F0980F-4FC3-49DD-BF1F-E75BC7A08E9F} = {1A349DDD-B87E-48CA-A491-C57E0E8FA4FD}
		{0CA12A94-C14F-4D23-98AB-FF6A9B055041} = {41BE26B9-80EC-487F-BB5B-9372EAE5D656}
		{43D73874-B788-45AC-8092-CD01768DA4F2} = {8779C781-3E2B-46AA-ACC2-59234F654C2A}
		{5C8CD945-9AE5-4557-85EA-EFCC2170A2CF} = {8FB4C036-72B0-4702-A381-719F0D9DAD13}
		{F0019A46-B8A5-4B62-960F-6AD02C759488} = {5DF549F0-CE28-4F29-9D03-97A7C7959AB7}
		{8FD587FB-D363-46A6-A9FB-99D963CA0F45} = {C9ED284F-6DCA-45D3-86E9-4EA7D68193C7}
		{7DEC091F-423F-47DD-AE9B-7EE40C33F1C1} = {8FD587FB-D363-46A6-A9FB-99D963CA0F45}
		{5B0D2F2E-08B1-4948-832D-C19D0E11A834} = {C9ED284F-6DCA-45D3-86E9-4EA7D68193C7}
		{C0B3A1B7-4315-41F7-B7AB-57587AFBAFD5} = {FD63315A-F519-4E2E-A518-5222B6A91663}
		{413E603D-7D71-4BB7-A75F-A2AEC8FDD1C6} = {FD63315A-F519-4E2E-A518-5222B6A91663}
		{2B5CA2FA-F677-48E1-BB3C-3AF99876EEE7} = {C4019480-93CF-4D56-8F18-A614E46562FA}
		{CCB907E6-1F01-4760-8ECA-860E7DFD67AD} = {5BB3FCA0-2D28-43F3-A947-98417146CCD2}
		{7E89A172-B694-4376-A90C-AC76D268C6C9} = {998042F4-14B5-4598-A228-6A8DFE3F0A77}
		{ABF76966-BEC6-4E74-8AE6-96F5B5676467} = {8980B317-8119-4763-9FD9-33C5D861B9F3}
		{AEAA3204-72A0-49A0-9E34-D53213F3C495} = {ADDF9D73-E435-4039-8766-53BD65E15C52}
		{907FC214-540D-4246-BA8A-37F5A27084ED} = {EBCEE9A9-6026-42BF-9F20-6047D674FB26}
		{6B91E8AF-C366-4AD4-B2C0-EFACFE8AC51C} = {907FC214-540D-4246-BA8A-37F5A27084ED}
		{7C3F693C-EB07-4708-9282-FE25B7F285DE} = {907FC214-540D-4246-BA8A-37F5A27084ED}
		{FF88831B-D046-40C4-B998-D85A3B0863A9} = {907FC214-540D-4246-BA8A-37F5A27084ED}
		{8D894D16-A0E0-4F2B-BC5E-31CB57EDB539} = {907FC214-540D-4246-BA8A-37F5A27084ED}
		{E8FFAE49-0169-4C89-A218-52ACDAA46F64} = {290271AD-2A74-450F-A5F0-9EB8F58C6FFE}
		{6086FA1E-278C-4CD2-95FF-4A5B495A3E39} = {290271AD-2A74-450F-A5F0-9EB8F58C6FFE}
		{611B4FC0-B635-459D-B3E3-8A2840C2AC24} = {290271AD-2A74-450F-A5F0-9EB8F58C6FFE}
		{DFCF4050-A49D-4091-A157-8B4E1D3D497E} = {E8FFAE49-0169-4C89-A218-52ACDAA46F64}
		{0254A03C-3824-4976-956B-44AD11E43761} = {6086FA1E-278C-4CD2-95FF-4A5B495A3E39}
		{43196F3F-485D-43CD-A3DE-0E0EDE00175F} = {611B4FC0-B635-459D-B3E3-8A2840C2AC24}
		{4A1EB1F3-B4BD-4C50-98C8-D857012FAADE} = {C9ED284F-6DCA-45D3-86E9-4EA7D68193C7}
		{316A6919-F20B-4C41-9695-E34C316DB4D4} = {4A1EB1F3-B4BD-4C50-98C8-D857012FAADE}
		{9C07CB51-FBC1-401B-B710-707019B4AD42} = {8779C781-3E2B-46AA-ACC2-59234F654C2A}
		{1E5BACDB-E7C9-471F-9AA0-1A0C60A12C28} = {51D4AF02-14EF-416D-BD7F-F4D0F0A850C8}
		{D3290906-5841-4CCE-8036-B6740C7C96F5} = {11149FE9-6CD5-439A-9035-98F0882E8364}
		{AC43CEC8-EA6E-435F-B469-A180CAC3D8A9} = {D3290906-5841-4CCE-8036-B6740C7C96F5}
		{5AB58DDD-AA1C-4920-B9A9-3D2B3AC417AB} = {11149FE9-6CD5-439A-9035-98F0882E8364}
		{6BB80BCB-0EAC-4CB8-B1C4-55641555A85D} = {5AB58DDD-AA1C-4920-B9A9-3D2B3AC417AB}
		{A064563A-45BC-4BCF-8E03-F2FFAF16D752} = {6BB80BCB-0EAC-4CB8-B1C4-55641555A85D}
		{CA5DC936-FFFD-42F1-9758-46D3B7C738BB} = {ADDF9D73-E435-4039-8766-53BD65E15C52}
		{2AB5F3B3-1F15-4E6F-B713-D4B95A0B5CD0} = {C4019480-93CF-4D56-8F18-A614E46562FA}
		{6330635F-57ED-45DC-9B88-6CA3964D923E} = {2AB5F3B3-1F15-4E6F-B713-D4B95A0B5CD0}
		{3A0389CC-2DB7-4430-AB48-25501BF9A5F7} = {20736078-1308-4C79-9A1E-8D4DB547CCAB}
		{49EF6370-7A27-4CC5-9616-3C4104E31655} = {F4026AF9-FA1E-49F6-8241-9560B5D5B55D}
		{91180956-965E-4BBD-A284-E5043754A1DC} = {20736078-1308-4C79-9A1E-8D4DB547CCAB}
		{C93FD852-0DBB-4975-99D9-EB2C6F594C3E} = {91180956-965E-4BBD-A284-E5043754A1DC}
	EndGlobalSection
	GlobalSection(ExtensibilityGlobals) = postSolution
		SolutionGuid = {5ECB2690-F293-4967-80CF-8213EFC75FC3}
	EndGlobalSection
EndGlobal
